// !$*UTF8*$!
{
	archiveVersion = 1;
	classes = {
	};
	objectVersion = 51;
	objects = {

/* Begin PBXBuildFile section */
		6F9C018523B5145900B62C46 /* CalendarService.swift in Sources */ = {isa = PBXBuildFile; fileRef = 6F9C018423B5145900B62C46 /* CalendarService.swift */; };
		6F9C018723B518B300B62C46 /* DoseViewModel.swift in Sources */ = {isa = PBXBuildFile; fileRef = 6F9C018623B518B300B62C46 /* DoseViewModel.swift */; };
		81D8971EFCC202CAE7DE61F0 /* Pods_PilltrackerTests.framework in Frameworks */ = {isa = PBXBuildFile; fileRef = 5FF9A9EBEDD697EF06374116 /* Pods_PilltrackerTests.framework */; };
		8953AE424BD3FD1824D23085 /* Pods_Pilltracker.framework in Frameworks */ = {isa = PBXBuildFile; fileRef = EA026E66CD99E7EC5FEE9E9E /* Pods_Pilltracker.framework */; };
		9902B7137130A303E976E200 /* Pods_PilltrackerUITests.framework in Frameworks */ = {isa = PBXBuildFile; fileRef = 3293E307E93F6D5A1A0E03D5 /* Pods_PilltrackerUITests.framework */; };
		C96B2023229027CE002C2689 /* AppDelegate.swift in Sources */ = {isa = PBXBuildFile; fileRef = C96B2022229027CE002C2689 /* AppDelegate.swift */; };
		C96B2028229027CE002C2689 /* Main.storyboard in Resources */ = {isa = PBXBuildFile; fileRef = C96B2026229027CE002C2689 /* Main.storyboard */; };
		C96B202A229027CF002C2689 /* Assets.xcassets in Resources */ = {isa = PBXBuildFile; fileRef = C96B2029229027CF002C2689 /* Assets.xcassets */; };
		C96B202D229027CF002C2689 /* LaunchScreen.storyboard in Resources */ = {isa = PBXBuildFile; fileRef = C96B202B229027CF002C2689 /* LaunchScreen.storyboard */; };
		C96B2038229027CF002C2689 /* PilltrackerTests.swift in Sources */ = {isa = PBXBuildFile; fileRef = C96B2037229027CF002C2689 /* PilltrackerTests.swift */; };
		C96B2043229027CF002C2689 /* PilltrackerUITests.swift in Sources */ = {isa = PBXBuildFile; fileRef = C96B2042229027CF002C2689 /* PilltrackerUITests.swift */; };
		C96B205122902CFC002C2689 /* AddPillViewController.swift in Sources */ = {isa = PBXBuildFile; fileRef = C96B205022902CFC002C2689 /* AddPillViewController.swift */; };
		C96B205622902DB2002C2689 /* Pill.swift in Sources */ = {isa = PBXBuildFile; fileRef = C96B205522902DB2002C2689 /* Pill.swift */; };
		C96B205822902E8E002C2689 /* Dose.swift in Sources */ = {isa = PBXBuildFile; fileRef = C96B205722902E8E002C2689 /* Dose.swift */; };
		C96B205B22902F49002C2689 /* PillsViewController.swift in Sources */ = {isa = PBXBuildFile; fileRef = C96B205A22902F49002C2689 /* PillsViewController.swift */; };
		C96B205D22902F5A002C2689 /* GraphViewController.swift in Sources */ = {isa = PBXBuildFile; fileRef = C96B205C22902F5A002C2689 /* GraphViewController.swift */; };
		C96B20632290314E002C2689 /* PillTableViewCell.swift in Sources */ = {isa = PBXBuildFile; fileRef = C96B20622290314E002C2689 /* PillTableViewCell.swift */; };
		C96B2065229033CE002C2689 /* NoPillsTableViewCell.swift in Sources */ = {isa = PBXBuildFile; fileRef = C96B2064229033CE002C2689 /* NoPillsTableViewCell.swift */; };
		C96B20682290342E002C2689 /* TextViewTableViewCell.swift in Sources */ = {isa = PBXBuildFile; fileRef = C96B20672290342E002C2689 /* TextViewTableViewCell.swift */; };
		C96B206B229034F3002C2689 /* UserDefaults+SaveStructs.swift in Sources */ = {isa = PBXBuildFile; fileRef = C96B206A229034F3002C2689 /* UserDefaults+SaveStructs.swift */; };
		C96B206D22903539002C2689 /* PillService.swift in Sources */ = {isa = PBXBuildFile; fileRef = C96B206C22903539002C2689 /* PillService.swift */; };
		C96B207022906888002C2689 /* PillViewModel.swift in Sources */ = {isa = PBXBuildFile; fileRef = C96B206F22906888002C2689 /* PillViewModel.swift */; };
		C9BBD26522908C0B00264186 /* DoseTableViewCell.swift in Sources */ = {isa = PBXBuildFile; fileRef = C9BBD26422908C0B00264186 /* DoseTableViewCell.swift */; };
		C9BBD269229095BD00264186 /* DatePickerKeyboardView.swift in Sources */ = {isa = PBXBuildFile; fileRef = C9BBD268229095BD00264186 /* DatePickerKeyboardView.swift */; };
		C9BBD26B229095C500264186 /* DatePickerKeyboardView.xib in Resources */ = {isa = PBXBuildFile; fileRef = C9BBD26A229095C500264186 /* DatePickerKeyboardView.xib */; };
/* End PBXBuildFile section */

/* Begin PBXContainerItemProxy section */
		C96B2034229027CF002C2689 /* PBXContainerItemProxy */ = {
			isa = PBXContainerItemProxy;
			containerPortal = C96B2017229027CE002C2689 /* Project object */;
			proxyType = 1;
			remoteGlobalIDString = C96B201E229027CE002C2689;
			remoteInfo = Pilltracker;
		};
		C96B203F229027CF002C2689 /* PBXContainerItemProxy */ = {
			isa = PBXContainerItemProxy;
			containerPortal = C96B2017229027CE002C2689 /* Project object */;
			proxyType = 1;
			remoteGlobalIDString = C96B201E229027CE002C2689;
			remoteInfo = Pilltracker;
		};
/* End PBXContainerItemProxy section */

/* Begin PBXFileReference section */
		12E3E4DAC87B543E02EBF3CE /* Pods-PilltrackerUITests.debug.xcconfig */ = {isa = PBXFileReference; includeInIndex = 1; lastKnownFileType = text.xcconfig; name = "Pods-PilltrackerUITests.debug.xcconfig"; path = "Pods/Target Support Files/Pods-PilltrackerUITests/Pods-PilltrackerUITests.debug.xcconfig"; sourceTree = "<group>"; };
		3293E307E93F6D5A1A0E03D5 /* Pods_PilltrackerUITests.framework */ = {isa = PBXFileReference; explicitFileType = wrapper.framework; includeInIndex = 0; path = Pods_PilltrackerUITests.framework; sourceTree = BUILT_PRODUCTS_DIR; };
		40E985715F4EF687A5EF9C45 /* Pods-Pilltracker.release.xcconfig */ = {isa = PBXFileReference; includeInIndex = 1; lastKnownFileType = text.xcconfig; name = "Pods-Pilltracker.release.xcconfig"; path = "Pods/Target Support Files/Pods-Pilltracker/Pods-Pilltracker.release.xcconfig"; sourceTree = "<group>"; };
		48ED4ABB3561964440674777 /* Pods-PilltrackerUITests.release.xcconfig */ = {isa = PBXFileReference; includeInIndex = 1; lastKnownFileType = text.xcconfig; name = "Pods-PilltrackerUITests.release.xcconfig"; path = "Pods/Target Support Files/Pods-PilltrackerUITests/Pods-PilltrackerUITests.release.xcconfig"; sourceTree = "<group>"; };
		5FF9A9EBEDD697EF06374116 /* Pods_PilltrackerTests.framework */ = {isa = PBXFileReference; explicitFileType = wrapper.framework; includeInIndex = 0; path = Pods_PilltrackerTests.framework; sourceTree = BUILT_PRODUCTS_DIR; };
		6F9C018423B5145900B62C46 /* CalendarService.swift */ = {isa = PBXFileReference; lastKnownFileType = sourcecode.swift; path = CalendarService.swift; sourceTree = "<group>"; };
		6F9C018623B518B300B62C46 /* DoseViewModel.swift */ = {isa = PBXFileReference; lastKnownFileType = sourcecode.swift; path = DoseViewModel.swift; sourceTree = "<group>"; };
		8001C22C607BD80A893612B2 /* Pods-Pilltracker.debug.xcconfig */ = {isa = PBXFileReference; includeInIndex = 1; lastKnownFileType = text.xcconfig; name = "Pods-Pilltracker.debug.xcconfig"; path = "Pods/Target Support Files/Pods-Pilltracker/Pods-Pilltracker.debug.xcconfig"; sourceTree = "<group>"; };
		9BC0FF03C14155000E26FCA7 /* Pods-PilltrackerTests.debug.xcconfig */ = {isa = PBXFileReference; includeInIndex = 1; lastKnownFileType = text.xcconfig; name = "Pods-PilltrackerTests.debug.xcconfig"; path = "Pods/Target Support Files/Pods-PilltrackerTests/Pods-PilltrackerTests.debug.xcconfig"; sourceTree = "<group>"; };
		C96B201F229027CE002C2689 /* Pilltracker.app */ = {isa = PBXFileReference; explicitFileType = wrapper.application; includeInIndex = 0; path = Pilltracker.app; sourceTree = BUILT_PRODUCTS_DIR; };
		C96B2022229027CE002C2689 /* AppDelegate.swift */ = {isa = PBXFileReference; lastKnownFileType = sourcecode.swift; path = AppDelegate.swift; sourceTree = "<group>"; };
		C96B2027229027CE002C2689 /* Base */ = {isa = PBXFileReference; lastKnownFileType = file.storyboard; name = Base; path = Base.lproj/Main.storyboard; sourceTree = "<group>"; };
		C96B2029229027CF002C2689 /* Assets.xcassets */ = {isa = PBXFileReference; lastKnownFileType = folder.assetcatalog; path = Assets.xcassets; sourceTree = "<group>"; };
		C96B202C229027CF002C2689 /* Base */ = {isa = PBXFileReference; lastKnownFileType = file.storyboard; name = Base; path = Base.lproj/LaunchScreen.storyboard; sourceTree = "<group>"; };
		C96B202E229027CF002C2689 /* Info.plist */ = {isa = PBXFileReference; lastKnownFileType = text.plist.xml; path = Info.plist; sourceTree = "<group>"; };
		C96B2033229027CF002C2689 /* PilltrackerTests.xctest */ = {isa = PBXFileReference; explicitFileType = wrapper.cfbundle; includeInIndex = 0; path = PilltrackerTests.xctest; sourceTree = BUILT_PRODUCTS_DIR; };
		C96B2037229027CF002C2689 /* PilltrackerTests.swift */ = {isa = PBXFileReference; lastKnownFileType = sourcecode.swift; path = PilltrackerTests.swift; sourceTree = "<group>"; };
		C96B2039229027CF002C2689 /* Info.plist */ = {isa = PBXFileReference; lastKnownFileType = text.plist.xml; path = Info.plist; sourceTree = "<group>"; };
		C96B203E229027CF002C2689 /* PilltrackerUITests.xctest */ = {isa = PBXFileReference; explicitFileType = wrapper.cfbundle; includeInIndex = 0; path = PilltrackerUITests.xctest; sourceTree = BUILT_PRODUCTS_DIR; };
		C96B2042229027CF002C2689 /* PilltrackerUITests.swift */ = {isa = PBXFileReference; lastKnownFileType = sourcecode.swift; path = PilltrackerUITests.swift; sourceTree = "<group>"; };
		C96B2044229027CF002C2689 /* Info.plist */ = {isa = PBXFileReference; lastKnownFileType = text.plist.xml; path = Info.plist; sourceTree = "<group>"; };
		C96B205022902CFC002C2689 /* AddPillViewController.swift */ = {isa = PBXFileReference; lastKnownFileType = sourcecode.swift; path = AddPillViewController.swift; sourceTree = "<group>"; };
		C96B205522902DB2002C2689 /* Pill.swift */ = {isa = PBXFileReference; lastKnownFileType = sourcecode.swift; path = Pill.swift; sourceTree = "<group>"; };
		C96B205722902E8E002C2689 /* Dose.swift */ = {isa = PBXFileReference; lastKnownFileType = sourcecode.swift; path = Dose.swift; sourceTree = "<group>"; };
		C96B205A22902F49002C2689 /* PillsViewController.swift */ = {isa = PBXFileReference; lastKnownFileType = sourcecode.swift; path = PillsViewController.swift; sourceTree = "<group>"; };
		C96B205C22902F5A002C2689 /* GraphViewController.swift */ = {isa = PBXFileReference; lastKnownFileType = sourcecode.swift; path = GraphViewController.swift; sourceTree = "<group>"; };
		C96B20622290314E002C2689 /* PillTableViewCell.swift */ = {isa = PBXFileReference; lastKnownFileType = sourcecode.swift; path = PillTableViewCell.swift; sourceTree = "<group>"; };
		C96B2064229033CE002C2689 /* NoPillsTableViewCell.swift */ = {isa = PBXFileReference; lastKnownFileType = sourcecode.swift; path = NoPillsTableViewCell.swift; sourceTree = "<group>"; };
		C96B20672290342E002C2689 /* TextViewTableViewCell.swift */ = {isa = PBXFileReference; lastKnownFileType = sourcecode.swift; path = TextViewTableViewCell.swift; sourceTree = "<group>"; };
		C96B206A229034F3002C2689 /* UserDefaults+SaveStructs.swift */ = {isa = PBXFileReference; lastKnownFileType = sourcecode.swift; path = "UserDefaults+SaveStructs.swift"; sourceTree = "<group>"; };
		C96B206C22903539002C2689 /* PillService.swift */ = {isa = PBXFileReference; lastKnownFileType = sourcecode.swift; path = PillService.swift; sourceTree = "<group>"; };
		C96B206F22906888002C2689 /* PillViewModel.swift */ = {isa = PBXFileReference; lastKnownFileType = sourcecode.swift; path = PillViewModel.swift; sourceTree = "<group>"; };
		C9BBD26422908C0B00264186 /* DoseTableViewCell.swift */ = {isa = PBXFileReference; lastKnownFileType = sourcecode.swift; path = DoseTableViewCell.swift; sourceTree = "<group>"; };
		C9BBD268229095BD00264186 /* DatePickerKeyboardView.swift */ = {isa = PBXFileReference; lastKnownFileType = sourcecode.swift; path = DatePickerKeyboardView.swift; sourceTree = "<group>"; };
		C9BBD26A229095C500264186 /* DatePickerKeyboardView.xib */ = {isa = PBXFileReference; lastKnownFileType = file.xib; path = DatePickerKeyboardView.xib; sourceTree = "<group>"; };
		E08365F6FDE364FC53B1C558 /* Pods-PilltrackerTests.release.xcconfig */ = {isa = PBXFileReference; includeInIndex = 1; lastKnownFileType = text.xcconfig; name = "Pods-PilltrackerTests.release.xcconfig"; path = "Pods/Target Support Files/Pods-PilltrackerTests/Pods-PilltrackerTests.release.xcconfig"; sourceTree = "<group>"; };
		EA026E66CD99E7EC5FEE9E9E /* Pods_Pilltracker.framework */ = {isa = PBXFileReference; explicitFileType = wrapper.framework; includeInIndex = 0; path = Pods_Pilltracker.framework; sourceTree = BUILT_PRODUCTS_DIR; };
/* End PBXFileReference section */

/* Begin PBXFrameworksBuildPhase section */
		C96B201C229027CE002C2689 /* Frameworks */ = {
			isa = PBXFrameworksBuildPhase;
			buildActionMask = 2147483647;
			files = (
				8953AE424BD3FD1824D23085 /* Pods_Pilltracker.framework in Frameworks */,
			);
			runOnlyForDeploymentPostprocessing = 0;
		};
		C96B2030229027CF002C2689 /* Frameworks */ = {
			isa = PBXFrameworksBuildPhase;
			buildActionMask = 2147483647;
			files = (
				81D8971EFCC202CAE7DE61F0 /* Pods_PilltrackerTests.framework in Frameworks */,
			);
			runOnlyForDeploymentPostprocessing = 0;
		};
		C96B203B229027CF002C2689 /* Frameworks */ = {
			isa = PBXFrameworksBuildPhase;
			buildActionMask = 2147483647;
			files = (
				9902B7137130A303E976E200 /* Pods_PilltrackerUITests.framework in Frameworks */,
			);
			runOnlyForDeploymentPostprocessing = 0;
		};
/* End PBXFrameworksBuildPhase section */

/* Begin PBXGroup section */
		322F0322C71614F62E995412 /* Frameworks */ = {
			isa = PBXGroup;
			children = (
				EA026E66CD99E7EC5FEE9E9E /* Pods_Pilltracker.framework */,
				5FF9A9EBEDD697EF06374116 /* Pods_PilltrackerTests.framework */,
				3293E307E93F6D5A1A0E03D5 /* Pods_PilltrackerUITests.framework */,
			);
			name = Frameworks;
			sourceTree = "<group>";
		};
		6F9C018123B5129B00B62C46 /* Services */ = {
			isa = PBXGroup;
			children = (
				C96B206C22903539002C2689 /* PillService.swift */,
				6F9C018423B5145900B62C46 /* CalendarService.swift */,
			);
			path = Services;
			sourceTree = "<group>";
		};
		7769629B56F9C47BE79C2CB1 /* Pods */ = {
			isa = PBXGroup;
			children = (
				8001C22C607BD80A893612B2 /* Pods-Pilltracker.debug.xcconfig */,
				40E985715F4EF687A5EF9C45 /* Pods-Pilltracker.release.xcconfig */,
				9BC0FF03C14155000E26FCA7 /* Pods-PilltrackerTests.debug.xcconfig */,
				E08365F6FDE364FC53B1C558 /* Pods-PilltrackerTests.release.xcconfig */,
				12E3E4DAC87B543E02EBF3CE /* Pods-PilltrackerUITests.debug.xcconfig */,
				48ED4ABB3561964440674777 /* Pods-PilltrackerUITests.release.xcconfig */,
			);
			name = Pods;
			sourceTree = "<group>";
		};
		C96B2016229027CE002C2689 = {
			isa = PBXGroup;
			children = (
				C96B2021229027CE002C2689 /* Pilltracker */,
				C96B2036229027CF002C2689 /* PilltrackerTests */,
				C96B2041229027CF002C2689 /* PilltrackerUITests */,
				C96B2020229027CE002C2689 /* Products */,
				7769629B56F9C47BE79C2CB1 /* Pods */,
				322F0322C71614F62E995412 /* Frameworks */,
			);
			sourceTree = "<group>";
		};
		C96B2020229027CE002C2689 /* Products */ = {
			isa = PBXGroup;
			children = (
				C96B201F229027CE002C2689 /* Pilltracker.app */,
				C96B2033229027CF002C2689 /* PilltrackerTests.xctest */,
				C96B203E229027CF002C2689 /* PilltrackerUITests.xctest */,
			);
			name = Products;
			sourceTree = "<group>";
		};
		C96B2021229027CE002C2689 /* Pilltracker */ = {
			isa = PBXGroup;
			children = (
				C96B2022229027CE002C2689 /* AppDelegate.swift */,
				6F9C018123B5129B00B62C46 /* Services */,
				C96B205422902D0D002C2689 /* Model */,
				C96B205322902D07002C2689 /* View */,
				C96B206E22906876002C2689 /* View Model */,
				C96B205222902D01002C2689 /* Controller */,
				C96B205922902F16002C2689 /* Storyboards */,
				C96B2069229034E0002C2689 /* Extensions */,
				C96B2029229027CF002C2689 /* Assets.xcassets */,
				C96B202E229027CF002C2689 /* Info.plist */,
			);
			path = Pilltracker;
			sourceTree = "<group>";
		};
		C96B2036229027CF002C2689 /* PilltrackerTests */ = {
			isa = PBXGroup;
			children = (
				C96B2037229027CF002C2689 /* PilltrackerTests.swift */,
				C96B2039229027CF002C2689 /* Info.plist */,
			);
			path = PilltrackerTests;
			sourceTree = "<group>";
		};
		C96B2041229027CF002C2689 /* PilltrackerUITests */ = {
			isa = PBXGroup;
			children = (
				C96B2042229027CF002C2689 /* PilltrackerUITests.swift */,
				C96B2044229027CF002C2689 /* Info.plist */,
			);
			path = PilltrackerUITests;
			sourceTree = "<group>";
		};
		C96B205222902D01002C2689 /* Controller */ = {
			isa = PBXGroup;
			children = (
				C96B205F229030FF002C2689 /* Add Pills */,
				C96B205E229030F9002C2689 /* Pills */,
				C96B20602290310B002C2689 /* Graph */,
			);
			path = Controller;
			sourceTree = "<group>";
		};
		C96B205322902D07002C2689 /* View */ = {
			isa = PBXGroup;
			children = (
			);
			path = View;
			sourceTree = "<group>";
		};
		C96B205422902D0D002C2689 /* Model */ = {
			isa = PBXGroup;
			children = (
				C96B205522902DB2002C2689 /* Pill.swift */,
				C96B205722902E8E002C2689 /* Dose.swift */,
			);
			path = Model;
			sourceTree = "<group>";
		};
		C96B205922902F16002C2689 /* Storyboards */ = {
			isa = PBXGroup;
			children = (
				C96B202B229027CF002C2689 /* LaunchScreen.storyboard */,
				C96B2026229027CE002C2689 /* Main.storyboard */,
			);
			path = Storyboards;
			sourceTree = "<group>";
		};
		C96B205E229030F9002C2689 /* Pills */ = {
			isa = PBXGroup;
			children = (
				C96B20612290311B002C2689 /* Cells */,
				C96B205A22902F49002C2689 /* PillsViewController.swift */,
			);
			path = Pills;
			sourceTree = "<group>";
		};
		C96B205F229030FF002C2689 /* Add Pills */ = {
			isa = PBXGroup;
			children = (
				C96B20662290341F002C2689 /* Cells */,
				C96B205022902CFC002C2689 /* AddPillViewController.swift */,
				C9BBD268229095BD00264186 /* DatePickerKeyboardView.swift */,
				C9BBD26A229095C500264186 /* DatePickerKeyboardView.xib */,
			);
			path = "Add Pills";
			sourceTree = "<group>";
		};
		C96B20602290310B002C2689 /* Graph */ = {
			isa = PBXGroup;
			children = (
				C96B205C22902F5A002C2689 /* GraphViewController.swift */,
			);
			path = Graph;
			sourceTree = "<group>";
		};
		C96B20612290311B002C2689 /* Cells */ = {
			isa = PBXGroup;
			children = (
				C96B20622290314E002C2689 /* PillTableViewCell.swift */,
				C96B2064229033CE002C2689 /* NoPillsTableViewCell.swift */,
			);
			path = Cells;
			sourceTree = "<group>";
		};
		C96B20662290341F002C2689 /* Cells */ = {
			isa = PBXGroup;
			children = (
				C96B20672290342E002C2689 /* TextViewTableViewCell.swift */,
				C9BBD26422908C0B00264186 /* DoseTableViewCell.swift */,
			);
			path = Cells;
			sourceTree = "<group>";
		};
		C96B2069229034E0002C2689 /* Extensions */ = {
			isa = PBXGroup;
			children = (
				C96B206A229034F3002C2689 /* UserDefaults+SaveStructs.swift */,
			);
			path = Extensions;
			sourceTree = "<group>";
		};
		C96B206E22906876002C2689 /* View Model */ = {
			isa = PBXGroup;
			children = (
				C96B206F22906888002C2689 /* PillViewModel.swift */,
				6F9C018623B518B300B62C46 /* DoseViewModel.swift */,
			);
			path = "View Model";
			sourceTree = "<group>";
		};
/* End PBXGroup section */

/* Begin PBXNativeTarget section */
		C96B201E229027CE002C2689 /* Pilltracker */ = {
			isa = PBXNativeTarget;
			buildConfigurationList = C96B2047229027CF002C2689 /* Build configuration list for PBXNativeTarget "Pilltracker" */;
			buildPhases = (
				2B1AAE59234792BD47E5CCEA /* [CP] Check Pods Manifest.lock */,
				C96B201B229027CE002C2689 /* Sources */,
				C96B201C229027CE002C2689 /* Frameworks */,
				C96B201D229027CE002C2689 /* Resources */,
				FD5A9F744FDB51DA6D107FE7 /* [CP] Embed Pods Frameworks */,
			);
			buildRules = (
			);
			dependencies = (
			);
			name = Pilltracker;
			productName = Pilltracker;
			productReference = C96B201F229027CE002C2689 /* Pilltracker.app */;
			productType = "com.apple.product-type.application";
		};
		C96B2032229027CF002C2689 /* PilltrackerTests */ = {
			isa = PBXNativeTarget;
			buildConfigurationList = C96B204A229027CF002C2689 /* Build configuration list for PBXNativeTarget "PilltrackerTests" */;
			buildPhases = (
				3F57CED15793E456B9477D0A /* [CP] Check Pods Manifest.lock */,
				C96B202F229027CF002C2689 /* Sources */,
				C96B2030229027CF002C2689 /* Frameworks */,
				C96B2031229027CF002C2689 /* Resources */,
			);
			buildRules = (
			);
			dependencies = (
				C96B2035229027CF002C2689 /* PBXTargetDependency */,
			);
			name = PilltrackerTests;
			productName = PilltrackerTests;
			productReference = C96B2033229027CF002C2689 /* PilltrackerTests.xctest */;
			productType = "com.apple.product-type.bundle.unit-test";
		};
		C96B203D229027CF002C2689 /* PilltrackerUITests */ = {
			isa = PBXNativeTarget;
			buildConfigurationList = C96B204D229027CF002C2689 /* Build configuration list for PBXNativeTarget "PilltrackerUITests" */;
			buildPhases = (
				2D55E1EEDD92A15494483E51 /* [CP] Check Pods Manifest.lock */,
				C96B203A229027CF002C2689 /* Sources */,
				C96B203B229027CF002C2689 /* Frameworks */,
				C96B203C229027CF002C2689 /* Resources */,
			);
			buildRules = (
			);
			dependencies = (
				C96B2040229027CF002C2689 /* PBXTargetDependency */,
			);
			name = PilltrackerUITests;
			productName = PilltrackerUITests;
			productReference = C96B203E229027CF002C2689 /* PilltrackerUITests.xctest */;
			productType = "com.apple.product-type.bundle.ui-testing";
		};
/* End PBXNativeTarget section */

/* Begin PBXProject section */
		C96B2017229027CE002C2689 /* Project object */ = {
			isa = PBXProject;
			attributes = {
				LastSwiftUpdateCheck = 1020;
				LastUpgradeCheck = 1020;
				ORGANIZATIONNAME = "Rob Baker";
				TargetAttributes = {
					C96B201E229027CE002C2689 = {
						CreatedOnToolsVersion = 10.2.1;
					};
					C96B2032229027CF002C2689 = {
						CreatedOnToolsVersion = 10.2.1;
						TestTargetID = C96B201E229027CE002C2689;
					};
					C96B203D229027CF002C2689 = {
						CreatedOnToolsVersion = 10.2.1;
						TestTargetID = C96B201E229027CE002C2689;
					};
				};
			};
			buildConfigurationList = C96B201A229027CE002C2689 /* Build configuration list for PBXProject "Pilltracker" */;
			compatibilityVersion = "Xcode 9.3";
			developmentRegion = en;
			hasScannedForEncodings = 0;
			knownRegions = (
				en,
				Base,
			);
			mainGroup = C96B2016229027CE002C2689;
			productRefGroup = C96B2020229027CE002C2689 /* Products */;
			projectDirPath = "";
			projectRoot = "";
			targets = (
				C96B201E229027CE002C2689 /* Pilltracker */,
				C96B2032229027CF002C2689 /* PilltrackerTests */,
				C96B203D229027CF002C2689 /* PilltrackerUITests */,
			);
		};
/* End PBXProject section */

/* Begin PBXResourcesBuildPhase section */
		C96B201D229027CE002C2689 /* Resources */ = {
			isa = PBXResourcesBuildPhase;
			buildActionMask = 2147483647;
			files = (
				C96B202D229027CF002C2689 /* LaunchScreen.storyboard in Resources */,
				C96B202A229027CF002C2689 /* Assets.xcassets in Resources */,
				C96B2028229027CE002C2689 /* Main.storyboard in Resources */,
				C9BBD26B229095C500264186 /* DatePickerKeyboardView.xib in Resources */,
			);
			runOnlyForDeploymentPostprocessing = 0;
		};
		C96B2031229027CF002C2689 /* Resources */ = {
			isa = PBXResourcesBuildPhase;
			buildActionMask = 2147483647;
			files = (
			);
			runOnlyForDeploymentPostprocessing = 0;
		};
		C96B203C229027CF002C2689 /* Resources */ = {
			isa = PBXResourcesBuildPhase;
			buildActionMask = 2147483647;
			files = (
			);
			runOnlyForDeploymentPostprocessing = 0;
		};
/* End PBXResourcesBuildPhase section */

/* Begin PBXShellScriptBuildPhase section */
		2B1AAE59234792BD47E5CCEA /* [CP] Check Pods Manifest.lock */ = {
			isa = PBXShellScriptBuildPhase;
			buildActionMask = 2147483647;
			files = (
			);
			inputFileListPaths = (
			);
			inputPaths = (
				"${PODS_PODFILE_DIR_PATH}/Podfile.lock",
				"${PODS_ROOT}/Manifest.lock",
			);
			name = "[CP] Check Pods Manifest.lock";
			outputFileListPaths = (
			);
			outputPaths = (
				"$(DERIVED_FILE_DIR)/Pods-Pilltracker-checkManifestLockResult.txt",
			);
			runOnlyForDeploymentPostprocessing = 0;
			shellPath = /bin/sh;
			shellScript = "diff \"${PODS_PODFILE_DIR_PATH}/Podfile.lock\" \"${PODS_ROOT}/Manifest.lock\" > /dev/null\nif [ $? != 0 ] ; then\n    # print error to STDERR\n    echo \"error: The sandbox is not in sync with the Podfile.lock. Run 'pod install' or update your CocoaPods installation.\" >&2\n    exit 1\nfi\n# This output is used by Xcode 'outputs' to avoid re-running this script phase.\necho \"SUCCESS\" > \"${SCRIPT_OUTPUT_FILE_0}\"\n";
			showEnvVarsInLog = 0;
		};
		2D55E1EEDD92A15494483E51 /* [CP] Check Pods Manifest.lock */ = {
			isa = PBXShellScriptBuildPhase;
			buildActionMask = 2147483647;
			files = (
			);
			inputFileListPaths = (
			);
			inputPaths = (
				"${PODS_PODFILE_DIR_PATH}/Podfile.lock",
				"${PODS_ROOT}/Manifest.lock",
			);
			name = "[CP] Check Pods Manifest.lock";
			outputFileListPaths = (
			);
			outputPaths = (
				"$(DERIVED_FILE_DIR)/Pods-PilltrackerUITests-checkManifestLockResult.txt",
			);
			runOnlyForDeploymentPostprocessing = 0;
			shellPath = /bin/sh;
			shellScript = "diff \"${PODS_PODFILE_DIR_PATH}/Podfile.lock\" \"${PODS_ROOT}/Manifest.lock\" > /dev/null\nif [ $? != 0 ] ; then\n    # print error to STDERR\n    echo \"error: The sandbox is not in sync with the Podfile.lock. Run 'pod install' or update your CocoaPods installation.\" >&2\n    exit 1\nfi\n# This output is used by Xcode 'outputs' to avoid re-running this script phase.\necho \"SUCCESS\" > \"${SCRIPT_OUTPUT_FILE_0}\"\n";
			showEnvVarsInLog = 0;
		};
		3F57CED15793E456B9477D0A /* [CP] Check Pods Manifest.lock */ = {
			isa = PBXShellScriptBuildPhase;
			buildActionMask = 2147483647;
			files = (
			);
			inputFileListPaths = (
			);
			inputPaths = (
				"${PODS_PODFILE_DIR_PATH}/Podfile.lock",
				"${PODS_ROOT}/Manifest.lock",
			);
			name = "[CP] Check Pods Manifest.lock";
			outputFileListPaths = (
			);
			outputPaths = (
				"$(DERIVED_FILE_DIR)/Pods-PilltrackerTests-checkManifestLockResult.txt",
			);
			runOnlyForDeploymentPostprocessing = 0;
			shellPath = /bin/sh;
			shellScript = "diff \"${PODS_PODFILE_DIR_PATH}/Podfile.lock\" \"${PODS_ROOT}/Manifest.lock\" > /dev/null\nif [ $? != 0 ] ; then\n    # print error to STDERR\n    echo \"error: The sandbox is not in sync with the Podfile.lock. Run 'pod install' or update your CocoaPods installation.\" >&2\n    exit 1\nfi\n# This output is used by Xcode 'outputs' to avoid re-running this script phase.\necho \"SUCCESS\" > \"${SCRIPT_OUTPUT_FILE_0}\"\n";
			showEnvVarsInLog = 0;
		};
		FD5A9F744FDB51DA6D107FE7 /* [CP] Embed Pods Frameworks */ = {
			isa = PBXShellScriptBuildPhase;
			buildActionMask = 2147483647;
			files = (
			);
			inputFileListPaths = (
				"${PODS_ROOT}/Target Support Files/Pods-Pilltracker/Pods-Pilltracker-frameworks-${CONFIGURATION}-input-files.xcfilelist",
			);
			name = "[CP] Embed Pods Frameworks";
			outputFileListPaths = (
				"${PODS_ROOT}/Target Support Files/Pods-Pilltracker/Pods-Pilltracker-frameworks-${CONFIGURATION}-output-files.xcfilelist",
			);
			runOnlyForDeploymentPostprocessing = 0;
			shellPath = /bin/sh;
			shellScript = "\"${PODS_ROOT}/Target Support Files/Pods-Pilltracker/Pods-Pilltracker-frameworks.sh\"\n";
			showEnvVarsInLog = 0;
		};
/* End PBXShellScriptBuildPhase section */

/* Begin PBXSourcesBuildPhase section */
		C96B201B229027CE002C2689 /* Sources */ = {
			isa = PBXSourcesBuildPhase;
			buildActionMask = 2147483647;
			files = (
				C96B206D22903539002C2689 /* PillService.swift in Sources */,
				C96B206B229034F3002C2689 /* UserDefaults+SaveStructs.swift in Sources */,
				C96B20632290314E002C2689 /* PillTableViewCell.swift in Sources */,
				C96B207022906888002C2689 /* PillViewModel.swift in Sources */,
				C96B2065229033CE002C2689 /* NoPillsTableViewCell.swift in Sources */,
				6F9C018723B518B300B62C46 /* DoseViewModel.swift in Sources */,
				C96B2023229027CE002C2689 /* AppDelegate.swift in Sources */,
				C96B205822902E8E002C2689 /* Dose.swift in Sources */,
				C96B205622902DB2002C2689 /* Pill.swift in Sources */,
				C9BBD26522908C0B00264186 /* DoseTableViewCell.swift in Sources */,
				C9BBD269229095BD00264186 /* DatePickerKeyboardView.swift in Sources */,
				C96B205D22902F5A002C2689 /* GraphViewController.swift in Sources */,
				C96B205B22902F49002C2689 /* PillsViewController.swift in Sources */,
				C96B205122902CFC002C2689 /* AddPillViewController.swift in Sources */,
				6F9C018523B5145900B62C46 /* CalendarService.swift in Sources */,
				C96B20682290342E002C2689 /* TextViewTableViewCell.swift in Sources */,
			);
			runOnlyForDeploymentPostprocessing = 0;
		};
		C96B202F229027CF002C2689 /* Sources */ = {
			isa = PBXSourcesBuildPhase;
			buildActionMask = 2147483647;
			files = (
				C96B2038229027CF002C2689 /* PilltrackerTests.swift in Sources */,
			);
			runOnlyForDeploymentPostprocessing = 0;
		};
		C96B203A229027CF002C2689 /* Sources */ = {
			isa = PBXSourcesBuildPhase;
			buildActionMask = 2147483647;
			files = (
				C96B2043229027CF002C2689 /* PilltrackerUITests.swift in Sources */,
			);
			runOnlyForDeploymentPostprocessing = 0;
		};
/* End PBXSourcesBuildPhase section */

/* Begin PBXTargetDependency section */
		C96B2035229027CF002C2689 /* PBXTargetDependency */ = {
			isa = PBXTargetDependency;
			target = C96B201E229027CE002C2689 /* Pilltracker */;
			targetProxy = C96B2034229027CF002C2689 /* PBXContainerItemProxy */;
		};
		C96B2040229027CF002C2689 /* PBXTargetDependency */ = {
			isa = PBXTargetDependency;
			target = C96B201E229027CE002C2689 /* Pilltracker */;
			targetProxy = C96B203F229027CF002C2689 /* PBXContainerItemProxy */;
		};
/* End PBXTargetDependency section */

/* Begin PBXVariantGroup section */
		C96B2026229027CE002C2689 /* Main.storyboard */ = {
			isa = PBXVariantGroup;
			children = (
				C96B2027229027CE002C2689 /* Base */,
			);
			name = Main.storyboard;
			sourceTree = "<group>";
		};
		C96B202B229027CF002C2689 /* LaunchScreen.storyboard */ = {
			isa = PBXVariantGroup;
			children = (
				C96B202C229027CF002C2689 /* Base */,
			);
			name = LaunchScreen.storyboard;
			sourceTree = "<group>";
		};
/* End PBXVariantGroup section */

/* Begin XCBuildConfiguration section */
		C96B2045229027CF002C2689 /* Debug */ = {
			isa = XCBuildConfiguration;
			buildSettings = {
				ALWAYS_SEARCH_USER_PATHS = NO;
				CLANG_ANALYZER_NONNULL = YES;
				CLANG_ANALYZER_NUMBER_OBJECT_CONVERSION = YES_AGGRESSIVE;
				CLANG_CXX_LANGUAGE_STANDARD = "gnu++14";
				CLANG_CXX_LIBRARY = "libc++";
				CLANG_ENABLE_MODULES = YES;
				CLANG_ENABLE_OBJC_ARC = YES;
				CLANG_ENABLE_OBJC_WEAK = YES;
				CLANG_WARN_BLOCK_CAPTURE_AUTORELEASING = YES;
				CLANG_WARN_BOOL_CONVERSION = YES;
				CLANG_WARN_COMMA = YES;
				CLANG_WARN_CONSTANT_CONVERSION = YES;
				CLANG_WARN_DEPRECATED_OBJC_IMPLEMENTATIONS = YES;
				CLANG_WARN_DIRECT_OBJC_ISA_USAGE = YES_ERROR;
				CLANG_WARN_DOCUMENTATION_COMMENTS = YES;
				CLANG_WARN_EMPTY_BODY = YES;
				CLANG_WARN_ENUM_CONVERSION = YES;
				CLANG_WARN_INFINITE_RECURSION = YES;
				CLANG_WARN_INT_CONVERSION = YES;
				CLANG_WARN_NON_LITERAL_NULL_CONVERSION = YES;
				CLANG_WARN_OBJC_IMPLICIT_RETAIN_SELF = YES;
				CLANG_WARN_OBJC_LITERAL_CONVERSION = YES;
				CLANG_WARN_OBJC_ROOT_CLASS = YES_ERROR;
				CLANG_WARN_RANGE_LOOP_ANALYSIS = YES;
				CLANG_WARN_STRICT_PROTOTYPES = YES;
				CLANG_WARN_SUSPICIOUS_MOVE = YES;
				CLANG_WARN_UNGUARDED_AVAILABILITY = YES_AGGRESSIVE;
				CLANG_WARN_UNREACHABLE_CODE = YES;
				CLANG_WARN__DUPLICATE_METHOD_MATCH = YES;
				CODE_SIGN_IDENTITY = "iPhone Developer";
				COPY_PHASE_STRIP = NO;
				DEBUG_INFORMATION_FORMAT = dwarf;
				ENABLE_STRICT_OBJC_MSGSEND = YES;
				ENABLE_TESTABILITY = YES;
				GCC_C_LANGUAGE_STANDARD = gnu11;
				GCC_DYNAMIC_NO_PIC = NO;
				GCC_NO_COMMON_BLOCKS = YES;
				GCC_OPTIMIZATION_LEVEL = 0;
				GCC_PREPROCESSOR_DEFINITIONS = (
					"DEBUG=1",
					"$(inherited)",
				);
				GCC_WARN_64_TO_32_BIT_CONVERSION = YES;
				GCC_WARN_ABOUT_RETURN_TYPE = YES_ERROR;
				GCC_WARN_UNDECLARED_SELECTOR = YES;
				GCC_WARN_UNINITIALIZED_AUTOS = YES_AGGRESSIVE;
				GCC_WARN_UNUSED_FUNCTION = YES;
				GCC_WARN_UNUSED_VARIABLE = YES;
				IPHONEOS_DEPLOYMENT_TARGET = 12.2;
				MTL_ENABLE_DEBUG_INFO = INCLUDE_SOURCE;
				MTL_FAST_MATH = YES;
				ONLY_ACTIVE_ARCH = YES;
				SDKROOT = iphoneos;
				SWIFT_ACTIVE_COMPILATION_CONDITIONS = DEBUG;
				SWIFT_OPTIMIZATION_LEVEL = "-Onone";
			};
			name = Debug;
		};
		C96B2046229027CF002C2689 /* Release */ = {
			isa = XCBuildConfiguration;
			buildSettings = {
				ALWAYS_SEARCH_USER_PATHS = NO;
				CLANG_ANALYZER_NONNULL = YES;
				CLANG_ANALYZER_NUMBER_OBJECT_CONVERSION = YES_AGGRESSIVE;
				CLANG_CXX_LANGUAGE_STANDARD = "gnu++14";
				CLANG_CXX_LIBRARY = "libc++";
				CLANG_ENABLE_MODULES = YES;
				CLANG_ENABLE_OBJC_ARC = YES;
				CLANG_ENABLE_OBJC_WEAK = YES;
				CLANG_WARN_BLOCK_CAPTURE_AUTORELEASING = YES;
				CLANG_WARN_BOOL_CONVERSION = YES;
				CLANG_WARN_COMMA = YES;
				CLANG_WARN_CONSTANT_CONVERSION = YES;
				CLANG_WARN_DEPRECATED_OBJC_IMPLEMENTATIONS = YES;
				CLANG_WARN_DIRECT_OBJC_ISA_USAGE = YES_ERROR;
				CLANG_WARN_DOCUMENTATION_COMMENTS = YES;
				CLANG_WARN_EMPTY_BODY = YES;
				CLANG_WARN_ENUM_CONVERSION = YES;
				CLANG_WARN_INFINITE_RECURSION = YES;
				CLANG_WARN_INT_CONVERSION = YES;
				CLANG_WARN_NON_LITERAL_NULL_CONVERSION = YES;
				CLANG_WARN_OBJC_IMPLICIT_RETAIN_SELF = YES;
				CLANG_WARN_OBJC_LITERAL_CONVERSION = YES;
				CLANG_WARN_OBJC_ROOT_CLASS = YES_ERROR;
				CLANG_WARN_RANGE_LOOP_ANALYSIS = YES;
				CLANG_WARN_STRICT_PROTOTYPES = YES;
				CLANG_WARN_SUSPICIOUS_MOVE = YES;
				CLANG_WARN_UNGUARDED_AVAILABILITY = YES_AGGRESSIVE;
				CLANG_WARN_UNREACHABLE_CODE = YES;
				CLANG_WARN__DUPLICATE_METHOD_MATCH = YES;
				CODE_SIGN_IDENTITY = "iPhone Developer";
				COPY_PHASE_STRIP = NO;
				DEBUG_INFORMATION_FORMAT = "dwarf-with-dsym";
				ENABLE_NS_ASSERTIONS = NO;
				ENABLE_STRICT_OBJC_MSGSEND = YES;
				GCC_C_LANGUAGE_STANDARD = gnu11;
				GCC_NO_COMMON_BLOCKS = YES;
				GCC_WARN_64_TO_32_BIT_CONVERSION = YES;
				GCC_WARN_ABOUT_RETURN_TYPE = YES_ERROR;
				GCC_WARN_UNDECLARED_SELECTOR = YES;
				GCC_WARN_UNINITIALIZED_AUTOS = YES_AGGRESSIVE;
				GCC_WARN_UNUSED_FUNCTION = YES;
				GCC_WARN_UNUSED_VARIABLE = YES;
				IPHONEOS_DEPLOYMENT_TARGET = 12.2;
				MTL_ENABLE_DEBUG_INFO = NO;
				MTL_FAST_MATH = YES;
				SDKROOT = iphoneos;
				SWIFT_COMPILATION_MODE = wholemodule;
				SWIFT_OPTIMIZATION_LEVEL = "-O";
				VALIDATE_PRODUCT = YES;
			};
			name = Release;
		};
		C96B2048229027CF002C2689 /* Debug */ = {
			isa = XCBuildConfiguration;
			baseConfigurationReference = 8001C22C607BD80A893612B2 /* Pods-Pilltracker.debug.xcconfig */;
			buildSettings = {
				ASSETCATALOG_COMPILER_APPICON_NAME = AppIcon;
				CODE_SIGN_STYLE = Automatic;
				DEVELOPMENT_TEAM = 5X4TZ89K9D;
				INFOPLIST_FILE = Pilltracker/Info.plist;
				LD_RUNPATH_SEARCH_PATHS = (
					"$(inherited)",
					"@executable_path/Frameworks",
				);
				PRODUCT_BUNDLE_IDENTIFIER = com.baker.pilltracker.PilltrackerPro;
				PRODUCT_NAME = "$(TARGET_NAME)";
				SWIFT_VERSION = 5.0;
				TARGETED_DEVICE_FAMILY = "1,2";
			};
			name = Debug;
		};
		C96B2049229027CF002C2689 /* Release */ = {
			isa = XCBuildConfiguration;
			baseConfigurationReference = 40E985715F4EF687A5EF9C45 /* Pods-Pilltracker.release.xcconfig */;
			buildSettings = {
				ASSETCATALOG_COMPILER_APPICON_NAME = AppIcon;
				CODE_SIGN_STYLE = Automatic;
				DEVELOPMENT_TEAM = 5X4TZ89K9D;
				INFOPLIST_FILE = Pilltracker/Info.plist;
				LD_RUNPATH_SEARCH_PATHS = (
					"$(inherited)",
					"@executable_path/Frameworks",
				);
				PRODUCT_BUNDLE_IDENTIFIER = com.baker.pilltracker.PilltrackerPro;
				PRODUCT_NAME = "$(TARGET_NAME)";
				SWIFT_VERSION = 5.0;
				TARGETED_DEVICE_FAMILY = "1,2";
			};
			name = Release;
		};
		C96B204B229027CF002C2689 /* Debug */ = {
			isa = XCBuildConfiguration;
			baseConfigurationReference = 9BC0FF03C14155000E26FCA7 /* Pods-PilltrackerTests.debug.xcconfig */;
			buildSettings = {
				ALWAYS_EMBED_SWIFT_STANDARD_LIBRARIES = YES;
				BUNDLE_LOADER = "$(TEST_HOST)";
				CODE_SIGN_STYLE = Automatic;
				DEVELOPMENT_TEAM = 5X4TZ89K9D;
				INFOPLIST_FILE = PilltrackerTests/Info.plist;
				LD_RUNPATH_SEARCH_PATHS = (
					"$(inherited)",
					"@executable_path/Frameworks",
					"@loader_path/Frameworks",
				);
				PRODUCT_BUNDLE_IDENTIFIER = com.baker.pilltracker.PilltrackerTests;
				PRODUCT_NAME = "$(TARGET_NAME)";
				SWIFT_VERSION = 5.0;
				TARGETED_DEVICE_FAMILY = "1,2";
				TEST_HOST = "$(BUILT_PRODUCTS_DIR)/Pilltracker.app/Pilltracker";
			};
			name = Debug;
		};
		C96B204C229027CF002C2689 /* Release */ = {
			isa = XCBuildConfiguration;
			baseConfigurationReference = E08365F6FDE364FC53B1C558 /* Pods-PilltrackerTests.release.xcconfig */;
			buildSettings = {
				ALWAYS_EMBED_SWIFT_STANDARD_LIBRARIES = YES;
				BUNDLE_LOADER = "$(TEST_HOST)";
				CODE_SIGN_STYLE = Automatic;
				DEVELOPMENT_TEAM = 5X4TZ89K9D;
				INFOPLIST_FILE = PilltrackerTests/Info.plist;
				LD_RUNPATH_SEARCH_PATHS = (
					"$(inherited)",
					"@executable_path/Frameworks",
					"@loader_path/Frameworks",
				);
				PRODUCT_BUNDLE_IDENTIFIER = com.baker.pilltracker.PilltrackerTests;
				PRODUCT_NAME = "$(TARGET_NAME)";
				SWIFT_VERSION = 5.0;
				TARGETED_DEVICE_FAMILY = "1,2";
				TEST_HOST = "$(BUILT_PRODUCTS_DIR)/Pilltracker.app/Pilltracker";
			};
			name = Release;
		};
		C96B204E229027CF002C2689 /* Debug */ = {
			isa = XCBuildConfiguration;
			baseConfigurationReference = 12E3E4DAC87B543E02EBF3CE /* Pods-PilltrackerUITests.debug.xcconfig */;
			buildSettings = {
				ALWAYS_EMBED_SWIFT_STANDARD_LIBRARIES = YES;
				CODE_SIGN_STYLE = Automatic;
				DEVELOPMENT_TEAM = 5X4TZ89K9D;
				INFOPLIST_FILE = PilltrackerUITests/Info.plist;
				LD_RUNPATH_SEARCH_PATHS = (
					"$(inherited)",
					"@executable_path/Frameworks",
					"@loader_path/Frameworks",
				);
				PRODUCT_BUNDLE_IDENTIFIER = com.baker.pilltracker.PilltrackerUITests;
				PRODUCT_NAME = "$(TARGET_NAME)";
				SWIFT_VERSION = 5.0;
				TARGETED_DEVICE_FAMILY = "1,2";
				TEST_TARGET_NAME = Pilltracker;
			};
			name = Debug;
		};
		C96B204F229027CF002C2689 /* Release */ = {
			isa = XCBuildConfiguration;
			baseConfigurationReference = 48ED4ABB3561964440674777 /* Pods-PilltrackerUITests.release.xcconfig */;
			buildSettings = {
				ALWAYS_EMBED_SWIFT_STANDARD_LIBRARIES = YES;
				CODE_SIGN_STYLE = Automatic;
				DEVELOPMENT_TEAM = 5X4TZ89K9D;
				INFOPLIST_FILE = PilltrackerUITests/Info.plist;
				LD_RUNPATH_SEARCH_PATHS = (
					"$(inherited)",
					"@executable_path/Frameworks",
					"@loader_path/Frameworks",
				);
				PRODUCT_BUNDLE_IDENTIFIER = com.baker.pilltracker.PilltrackerUITests;
				PRODUCT_NAME = "$(TARGET_NAME)";
				SWIFT_VERSION = 5.0;
				TARGETED_DEVICE_FAMILY = "1,2";
				TEST_TARGET_NAME = Pilltracker;
			};
			name = Release;
		};
/* End XCBuildConfiguration section */

/* Begin XCConfigurationList section */
		C96B201A229027CE002C2689 /* Build configuration list for PBXProject "Pilltracker" */ = {
			isa = XCConfigurationList;
			buildConfigurations = (
				C96B2045229027CF002C2689 /* Debug */,
				C96B2046229027CF002C2689 /* Release */,
			);
			defaultConfigurationIsVisible = 0;
			defaultConfigurationName = Release;
		};
		C96B2047229027CF002C2689 /* Build configuration list for PBXNativeTarget "Pilltracker" */ = {
			isa = XCConfigurationList;
			buildConfigurations = (
				C96B2048229027CF002C2689 /* Debug */,
				C96B2049229027CF002C2689 /* Release */,
			);
			defaultConfigurationIsVisible = 0;
			defaultConfigurationName = Release;
		};
		C96B204A229027CF002C2689 /* Build configuration list for PBXNativeTarget "PilltrackerTests" */ = {
			isa = XCConfigurationList;
			buildConfigurations = (
				C96B204B229027CF002C2689 /* Debug */,
				C96B204C229027CF002C2689 /* Release */,
			);
			defaultConfigurationIsVisible = 0;
			defaultConfigurationName = Release;
		};
		C96B204D229027CF002C2689 /* Build configuration list for PBXNativeTarget "PilltrackerUITests" */ = {
			isa = XCConfigurationList;
			buildConfigurations = (
				C96B204E229027CF002C2689 /* Debug */,
				C96B204F229027CF002C2689 /* Release */,
			);
			defaultConfigurationIsVisible = 0;
			defaultConfigurationName = Release;
		};
/* End XCConfigurationList section */
	};
	rootObject = C96B2017229027CE002C2689 /* Project object */;
}
